
Microsoft Visual Studio Solution File, Format Version 12.00
# Visual Studio 2013
VisualStudioVersion = 12.0.30723.0
MinimumVisualStudioVersion = 10.0.40219.1
Project("{FAE04EC0-301F-11D3-BF4B-00C04F79EFBC}") = "ToolsTest.FrontEnd", "ToolsTest.FrontEnd\ToolsTest.FrontEnd.csproj", "{EE3DC06B-9977-4D51-B603-3B01FDB36859}"
EndProject
Project("{FAE04EC0-301F-11D3-BF4B-00C04F79EFBC}") = "ToolsTest.NUnitTest", "ToolsTest.NUnitTest\ToolsTest.NUnitTest.csproj", "{14756021-33C5-41C2-8E8F-0EC3DBFCA5CE}"
EndProject
Project("{FAE04EC0-301F-11D3-BF4B-00C04F79EFBC}") = "ToolsTest.ConsoleTest", "ToolsTest.Console\ToolsTest.ConsoleTest.csproj", "{36F11590-FCE2-4E8E-8BC5-974DB050005A}"
EndProject
Project("{FAE04EC0-301F-11D3-BF4B-00C04F79EFBC}") = "ToolsTest.CodeTimerTest", "ToolsTest.CodeTimerTest\ToolsTest.CodeTimerTest.csproj", "{627DF9D9-CFD2-4B6E-8E6C-3E1689752ABE}"
EndProject
Global
	GlobalSection(SolutionConfigurationPlatforms) = preSolution
		Debug|Any CPU = Debug|Any CPU
		Release|Any CPU = Release|Any CPU
	EndGlobalSection
	GlobalSection(ProjectConfigurationPlatforms) = postSolution
		{EE3DC06B-9977-4D51-B603-3B01FDB36859}.Debug|Any CPU.ActiveCfg = Debug|Any CPU
		{EE3DC06B-9977-4D51-B603-3B01FDB36859}.Debug|Any CPU.Build.0 = Debug|Any CPU
		{EE3DC06B-9977-4D51-B603-3B01FDB36859}.Release|Any CPU.ActiveCfg = Release|Any CPU
		{EE3DC06B-9977-4D51-B603-3B01FDB36859}.Release|Any CPU.Build.0 = Release|Any CPU
		{14756021-33C5-41C2-8E8F-0EC3DBFCA5CE}.Debug|Any CPU.ActiveCfg = Debug|Any CPU
		{14756021-33C5-41C2-8E8F-0EC3DBFCA5CE}.Debug|Any CPU.Build.0 = Debug|Any CPU
		{14756021-33C5-41C2-8E8F-0EC3DBFCA5CE}.Release|Any CPU.ActiveCfg = Release|Any CPU
		{14756021-33C5-41C2-8E8F-0EC3DBFCA5CE}.Release|Any CPU.Build.0 = Release|Any CPU
		{36F11590-FCE2-4E8E-8BC5-974DB050005A}.Debug|Any CPU.ActiveCfg = Debug|Any CPU
		{36F11590-FCE2-4E8E-8BC5-974DB050005A}.Debug|Any CPU.Build.0 = Debug|Any CPU
		{36F11590-FCE2-4E8E-8BC5-974DB050005A}.Release|Any CPU.ActiveCfg = Release|Any CPU
		{36F11590-FCE2-4E8E-8BC5-974DB050005A}.Release|Any CPU.Build.0 = Release|Any CPU
		{627DF9D9-CFD2-4B6E-8E6C-3E1689752ABE}.Debug|Any CPU.ActiveCfg = Debug|Any CPU
		{627DF9D9-CFD2-4B6E-8E6C-3E1689752ABE}.Debug|Any CPU.Build.0 = Debug|Any CPU
		{627DF9D9-CFD2-4B6E-8E6C-3E1689752ABE}.Release|Any CPU.ActiveCfg = Release|Any CPU
		{627DF9D9-CFD2-4B6E-8E6C-3E1689752ABE}.Release|Any CPU.Build.0 = Release|Any CPU
	EndGlobalSection
	GlobalSection(SolutionProperties) = preSolution
		HideSolutionNode = FALSE
	EndGlobalSection
EndGlobal
